// !$*UTF8*$!
{
	archiveVersion = 1;
	classes = {
	};
	objectVersion = 56;
	objects = {

/* Begin PBXBuildFile section */
		3B48132F293BEBF100836D50 /* SavedList+CoreDataClass.swift in Sources */ = {isa = PBXBuildFile; fileRef = 3B48132D293BEBF100836D50 /* SavedList+CoreDataClass.swift */; };
		3B481330293BEBF100836D50 /* SavedList+CoreDataProperties.swift in Sources */ = {isa = PBXBuildFile; fileRef = 3B48132E293BEBF100836D50 /* SavedList+CoreDataProperties.swift */; };
		3BAE418929343C8C000B20BD /* AppDelegate.swift in Sources */ = {isa = PBXBuildFile; fileRef = 3BAE418829343C8C000B20BD /* AppDelegate.swift */; };
		3BAE418B29343C8C000B20BD /* SceneDelegate.swift in Sources */ = {isa = PBXBuildFile; fileRef = 3BAE418A29343C8C000B20BD /* SceneDelegate.swift */; };
		3BAE419329343C8C000B20BD /* Minance.xcdatamodeld in Sources */ = {isa = PBXBuildFile; fileRef = 3BAE419129343C8C000B20BD /* Minance.xcdatamodeld */; };
		3BAE419529343C8D000B20BD /* Assets.xcassets in Resources */ = {isa = PBXBuildFile; fileRef = 3BAE419429343C8D000B20BD /* Assets.xcassets */; };
		3BAE419829343C8D000B20BD /* LaunchScreen.storyboard in Resources */ = {isa = PBXBuildFile; fileRef = 3BAE419629343C8D000B20BD /* LaunchScreen.storyboard */; };
		3BAE41A329344583000B20BD /* HomeViewController.swift in Sources */ = {isa = PBXBuildFile; fileRef = 3BAE41A229344583000B20BD /* HomeViewController.swift */; };
		3BAE41A5293445B3000B20BD /* HomeRouter.swift in Sources */ = {isa = PBXBuildFile; fileRef = 3BAE41A4293445B3000B20BD /* HomeRouter.swift */; };
		3BAE41A7293445BF000B20BD /* HomeInteractor.swift in Sources */ = {isa = PBXBuildFile; fileRef = 3BAE41A6293445BF000B20BD /* HomeInteractor.swift */; };
		3BAE41A9293445C9000B20BD /* HomeEntity.swift in Sources */ = {isa = PBXBuildFile; fileRef = 3BAE41A8293445C9000B20BD /* HomeEntity.swift */; };
		3BAE41AB293445D1000B20BD /* HomePresenter.swift in Sources */ = {isa = PBXBuildFile; fileRef = 3BAE41AA293445D1000B20BD /* HomePresenter.swift */; };
		3BAE41B129344865000B20BD /* SavedViewController.swift in Sources */ = {isa = PBXBuildFile; fileRef = 3BAE41B029344865000B20BD /* SavedViewController.swift */; };
		3BAE41B4293448A2000B20BD /* SnapKit in Frameworks */ = {isa = PBXBuildFile; productRef = 3BAE41B3293448A2000B20BD /* SnapKit */; };
		3BAE41BB2934DF7A000B20BD /* ExchangeViewController.swift in Sources */ = {isa = PBXBuildFile; fileRef = 3BAE41BA2934DF7A000B20BD /* ExchangeViewController.swift */; };
		3BAE41BF2934ECDF000B20BD /* ExchangePresenter.swift in Sources */ = {isa = PBXBuildFile; fileRef = 3BAE41BE2934ECDF000B20BD /* ExchangePresenter.swift */; };
		3BAE41C12934ECE9000B20BD /* ExchangeInteractor.swift in Sources */ = {isa = PBXBuildFile; fileRef = 3BAE41C02934ECE9000B20BD /* ExchangeInteractor.swift */; };
		3BAE41C32934ECF3000B20BD /* ExchangeRouter.swift in Sources */ = {isa = PBXBuildFile; fileRef = 3BAE41C22934ECF3000B20BD /* ExchangeRouter.swift */; };
		3BBF4120293504FA0053FDDA /* SavedRouter.swift in Sources */ = {isa = PBXBuildFile; fileRef = 3BBF411F293504FA0053FDDA /* SavedRouter.swift */; };
		3BBF4122293505040053FDDA /* SavedInteractor.swift in Sources */ = {isa = PBXBuildFile; fileRef = 3BBF4121293505040053FDDA /* SavedInteractor.swift */; };
		3BBF41242935050F0053FDDA /* SavedEntity.swift in Sources */ = {isa = PBXBuildFile; fileRef = 3BBF41232935050F0053FDDA /* SavedEntity.swift */; };
		3BBF41262935051E0053FDDA /* SavedPresenter.swift in Sources */ = {isa = PBXBuildFile; fileRef = 3BBF41252935051E0053FDDA /* SavedPresenter.swift */; };
		3BBF412A2936216E0053FDDA /* ExchangeEntity.swift in Sources */ = {isa = PBXBuildFile; fileRef = 3BBF41292936216E0053FDDA /* ExchangeEntity.swift */; };
		3BBF412C293621800053FDDA /* FetchingData.swift in Sources */ = {isa = PBXBuildFile; fileRef = 3BBF412B293621800053FDDA /* FetchingData.swift */; };
		3BBF412E293623BF0053FDDA /* DataModel.swift in Sources */ = {isa = PBXBuildFile; fileRef = 3BBF412D293623BF0053FDDA /* DataModel.swift */; };
		3BBF4130293635030053FDDA /* ExchangeUITableViewCell.swift in Sources */ = {isa = PBXBuildFile; fileRef = 3BBF412F293635030053FDDA /* ExchangeUITableViewCell.swift */; };
		3BFDC2B129395B60004AB276 /* MarketSecondView.swift in Sources */ = {isa = PBXBuildFile; fileRef = 3BFDC2B029395B60004AB276 /* MarketSecondView.swift */; };
/* End PBXBuildFile section */

/* Begin PBXFileReference section */
		3B48132D293BEBF100836D50 /* SavedList+CoreDataClass.swift */ = {isa = PBXFileReference; lastKnownFileType = sourcecode.swift; path = "SavedList+CoreDataClass.swift"; sourceTree = "<group>"; };
		3B48132E293BEBF100836D50 /* SavedList+CoreDataProperties.swift */ = {isa = PBXFileReference; lastKnownFileType = sourcecode.swift; path = "SavedList+CoreDataProperties.swift"; sourceTree = "<group>"; };
		3BAE418529343C8C000B20BD /* Minance.app */ = {isa = PBXFileReference; explicitFileType = wrapper.application; includeInIndex = 0; path = Minance.app; sourceTree = BUILT_PRODUCTS_DIR; };
		3BAE418829343C8C000B20BD /* AppDelegate.swift */ = {isa = PBXFileReference; lastKnownFileType = sourcecode.swift; path = AppDelegate.swift; sourceTree = "<group>"; };
		3BAE418A29343C8C000B20BD /* SceneDelegate.swift */ = {isa = PBXFileReference; lastKnownFileType = sourcecode.swift; path = SceneDelegate.swift; sourceTree = "<group>"; };
		3BAE419229343C8C000B20BD /* Minance.xcdatamodel */ = {isa = PBXFileReference; lastKnownFileType = wrapper.xcdatamodel; path = Minance.xcdatamodel; sourceTree = "<group>"; };
		3BAE419429343C8D000B20BD /* Assets.xcassets */ = {isa = PBXFileReference; lastKnownFileType = folder.assetcatalog; path = Assets.xcassets; sourceTree = "<group>"; };
		3BAE419729343C8D000B20BD /* Base */ = {isa = PBXFileReference; lastKnownFileType = file.storyboard; name = Base; path = Base.lproj/LaunchScreen.storyboard; sourceTree = "<group>"; };
		3BAE419929343C8D000B20BD /* Info.plist */ = {isa = PBXFileReference; lastKnownFileType = text.plist.xml; path = Info.plist; sourceTree = "<group>"; };
		3BAE41A229344583000B20BD /* HomeViewController.swift */ = {isa = PBXFileReference; lastKnownFileType = sourcecode.swift; path = HomeViewController.swift; sourceTree = "<group>"; };
		3BAE41A4293445B3000B20BD /* HomeRouter.swift */ = {isa = PBXFileReference; lastKnownFileType = sourcecode.swift; path = HomeRouter.swift; sourceTree = "<group>"; };
		3BAE41A6293445BF000B20BD /* HomeInteractor.swift */ = {isa = PBXFileReference; lastKnownFileType = sourcecode.swift; path = HomeInteractor.swift; sourceTree = "<group>"; };
		3BAE41A8293445C9000B20BD /* HomeEntity.swift */ = {isa = PBXFileReference; lastKnownFileType = sourcecode.swift; path = HomeEntity.swift; sourceTree = "<group>"; };
		3BAE41AA293445D1000B20BD /* HomePresenter.swift */ = {isa = PBXFileReference; lastKnownFileType = sourcecode.swift; path = HomePresenter.swift; sourceTree = "<group>"; };
		3BAE41B029344865000B20BD /* SavedViewController.swift */ = {isa = PBXFileReference; lastKnownFileType = sourcecode.swift; path = SavedViewController.swift; sourceTree = "<group>"; };
		3BAE41BA2934DF7A000B20BD /* ExchangeViewController.swift */ = {isa = PBXFileReference; lastKnownFileType = sourcecode.swift; path = ExchangeViewController.swift; sourceTree = "<group>"; };
		3BAE41BE2934ECDF000B20BD /* ExchangePresenter.swift */ = {isa = PBXFileReference; lastKnownFileType = sourcecode.swift; path = ExchangePresenter.swift; sourceTree = "<group>"; };
		3BAE41C02934ECE9000B20BD /* ExchangeInteractor.swift */ = {isa = PBXFileReference; lastKnownFileType = sourcecode.swift; path = ExchangeInteractor.swift; sourceTree = "<group>"; };
		3BAE41C22934ECF3000B20BD /* ExchangeRouter.swift */ = {isa = PBXFileReference; lastKnownFileType = sourcecode.swift; path = ExchangeRouter.swift; sourceTree = "<group>"; };
		3BBF411F293504FA0053FDDA /* SavedRouter.swift */ = {isa = PBXFileReference; lastKnownFileType = sourcecode.swift; path = SavedRouter.swift; sourceTree = "<group>"; };
		3BBF4121293505040053FDDA /* SavedInteractor.swift */ = {isa = PBXFileReference; lastKnownFileType = sourcecode.swift; path = SavedInteractor.swift; sourceTree = "<group>"; };
		3BBF41232935050F0053FDDA /* SavedEntity.swift */ = {isa = PBXFileReference; lastKnownFileType = sourcecode.swift; path = SavedEntity.swift; sourceTree = "<group>"; };
		3BBF41252935051E0053FDDA /* SavedPresenter.swift */ = {isa = PBXFileReference; lastKnownFileType = sourcecode.swift; path = SavedPresenter.swift; sourceTree = "<group>"; };
		3BBF41292936216E0053FDDA /* ExchangeEntity.swift */ = {isa = PBXFileReference; lastKnownFileType = sourcecode.swift; path = ExchangeEntity.swift; sourceTree = "<group>"; };
		3BBF412B293621800053FDDA /* FetchingData.swift */ = {isa = PBXFileReference; lastKnownFileType = sourcecode.swift; path = FetchingData.swift; sourceTree = "<group>"; };
		3BBF412D293623BF0053FDDA /* DataModel.swift */ = {isa = PBXFileReference; lastKnownFileType = sourcecode.swift; path = DataModel.swift; sourceTree = "<group>"; };
		3BBF412F293635030053FDDA /* ExchangeUITableViewCell.swift */ = {isa = PBXFileReference; lastKnownFileType = sourcecode.swift; path = ExchangeUITableViewCell.swift; sourceTree = "<group>"; };
		3BFDC2B029395B60004AB276 /* MarketSecondView.swift */ = {isa = PBXFileReference; lastKnownFileType = sourcecode.swift; path = MarketSecondView.swift; sourceTree = "<group>"; };
/* End PBXFileReference section */

/* Begin PBXFrameworksBuildPhase section */
		3BAE418229343C8C000B20BD /* Frameworks */ = {
			isa = PBXFrameworksBuildPhase;
			buildActionMask = 2147483647;
			files = (
				3BAE41B4293448A2000B20BD /* SnapKit in Frameworks */,
			);
			runOnlyForDeploymentPostprocessing = 0;
		};
/* End PBXFrameworksBuildPhase section */

/* Begin PBXGroup section */
		3B481331293BEBF900836D50 /* Core Data */ = {
			isa = PBXGroup;
			children = (
				3B48132D293BEBF100836D50 /* SavedList+CoreDataClass.swift */,
				3B48132E293BEBF100836D50 /* SavedList+CoreDataProperties.swift */,
				3BAE419129343C8C000B20BD /* Minance.xcdatamodeld */,
			);
			path = "Core Data";
			sourceTree = "<group>";
		};
		3BAE417C29343C8C000B20BD = {
			isa = PBXGroup;
			children = (
				3B481331293BEBF900836D50 /* Core Data */,
				3BAE418729343C8C000B20BD /* Minance */,
				3BAE418629343C8C000B20BD /* Products */,
			);
			sourceTree = "<group>";
		};
		3BAE418629343C8C000B20BD /* Products */ = {
			isa = PBXGroup;
			children = (
				3BAE418529343C8C000B20BD /* Minance.app */,
			);
			name = Products;
			sourceTree = "<group>";
		};
		3BAE418729343C8C000B20BD /* Minance */ = {
			isa = PBXGroup;
			children = (
				3BAE41AC29344604000B20BD /* API */,
				3BAE41A029344507000B20BD /* Helpers */,
				3BAE419F29343D4C000B20BD /* Application */,
				3BAE41B82934529A000B20BD /* Module */,
			);
			path = Minance;
			sourceTree = "<group>";
		};
		3BAE419F29343D4C000B20BD /* Application */ = {
			isa = PBXGroup;
			children = (
				3BAE418829343C8C000B20BD /* AppDelegate.swift */,
				3BAE418A29343C8C000B20BD /* SceneDelegate.swift */,
			);
			path = Application;
			sourceTree = "<group>";
		};
		3BAE41A029344507000B20BD /* Helpers */ = {
			isa = PBXGroup;
			children = (
				3BAE419429343C8D000B20BD /* Assets.xcassets */,
				3BAE419629343C8D000B20BD /* LaunchScreen.storyboard */,
				3BAE419929343C8D000B20BD /* Info.plist */,
			);
			path = Helpers;
			sourceTree = "<group>";
		};
		3BAE41A129344558000B20BD /* Home */ = {
			isa = PBXGroup;
			children = (
				3BAE41A229344583000B20BD /* HomeViewController.swift */,
				3BAE41A4293445B3000B20BD /* HomeRouter.swift */,
				3BAE41A6293445BF000B20BD /* HomeInteractor.swift */,
				3BAE41A8293445C9000B20BD /* HomeEntity.swift */,
				3BAE41AA293445D1000B20BD /* HomePresenter.swift */,
			);
			path = Home;
			sourceTree = "<group>";
		};
		3BAE41AC29344604000B20BD /* API */ = {
			isa = PBXGroup;
			children = (
				3BBF412B293621800053FDDA /* FetchingData.swift */,
				3BBF412D293623BF0053FDDA /* DataModel.swift */,
			);
			path = API;
			sourceTree = "<group>";
		};
		3BAE41AF2934483E000B20BD /* Saved */ = {
			isa = PBXGroup;
			children = (
				3BAE41B029344865000B20BD /* SavedViewController.swift */,
				3BBF411F293504FA0053FDDA /* SavedRouter.swift */,
				3BBF4121293505040053FDDA /* SavedInteractor.swift */,
				3BBF41232935050F0053FDDA /* SavedEntity.swift */,
				3BBF41252935051E0053FDDA /* SavedPresenter.swift */,
			);
			path = Saved;
			sourceTree = "<group>";
		};
		3BAE41B82934529A000B20BD /* Module */ = {
			isa = PBXGroup;
			children = (
				3BAE41B9293452D2000B20BD /* Exchange */,
				3BAE41A129344558000B20BD /* Home */,
				3BAE41AF2934483E000B20BD /* Saved */,
			);
			path = Module;
			sourceTree = "<group>";
		};
		3BAE41B9293452D2000B20BD /* Exchange */ = {
			isa = PBXGroup;
			children = (
				3BBF413129365F7A0053FDDA /* View */,
				3BAE41BE2934ECDF000B20BD /* ExchangePresenter.swift */,
				3BAE41C02934ECE9000B20BD /* ExchangeInteractor.swift */,
				3BAE41C22934ECF3000B20BD /* ExchangeRouter.swift */,
				3BBF41292936216E0053FDDA /* ExchangeEntity.swift */,
			);
			path = Exchange;
			sourceTree = "<group>";
		};
		3BBF413129365F7A0053FDDA /* View */ = {
			isa = PBXGroup;
			children = (
				3BBF412F293635030053FDDA /* ExchangeUITableViewCell.swift */,
				3BAE41BA2934DF7A000B20BD /* ExchangeViewController.swift */,
				3BFDC2B029395B60004AB276 /* MarketSecondView.swift */,
			);
			path = View;
			sourceTree = "<group>";
		};
/* End PBXGroup section */

/* Begin PBXNativeTarget section */
		3BAE418429343C8C000B20BD /* Minance */ = {
			isa = PBXNativeTarget;
			buildConfigurationList = 3BAE419C29343C8D000B20BD /* Build configuration list for PBXNativeTarget "Minance" */;
			buildPhases = (
				3BAE418129343C8C000B20BD /* Sources */,
				3BAE418229343C8C000B20BD /* Frameworks */,
				3BAE418329343C8C000B20BD /* Resources */,
			);
			buildRules = (
			);
			dependencies = (
			);
			name = Minance;
			packageProductDependencies = (
				3BAE41B3293448A2000B20BD /* SnapKit */,
			);
			productName = Minance;
			productReference = 3BAE418529343C8C000B20BD /* Minance.app */;
			productType = "com.apple.product-type.application";
		};
/* End PBXNativeTarget section */

/* Begin PBXProject section */
		3BAE417D29343C8C000B20BD /* Project object */ = {
			isa = PBXProject;
			attributes = {
				BuildIndependentTargetsInParallel = 1;
				LastSwiftUpdateCheck = 1410;
				LastUpgradeCheck = 1410;
				TargetAttributes = {
					3BAE418429343C8C000B20BD = {
						CreatedOnToolsVersion = 14.1;
					};
				};
			};
			buildConfigurationList = 3BAE418029343C8C000B20BD /* Build configuration list for PBXProject "Minance" */;
			compatibilityVersion = "Xcode 14.0";
			developmentRegion = en;
			hasScannedForEncodings = 0;
			knownRegions = (
				en,
				Base,
			);
			mainGroup = 3BAE417C29343C8C000B20BD;
			packageReferences = (
				3BAE41B2293448A2000B20BD /* XCRemoteSwiftPackageReference "SnapKit" */,
				3BAE41B5293448B1000B20BD /* XCRemoteSwiftPackageReference "Alamofire" */,
				3B20ADC529380B87007E1F40 /* XCRemoteSwiftPackageReference "Kingfisher" */,
			);
			productRefGroup = 3BAE418629343C8C000B20BD /* Products */;
			projectDirPath = "";
			projectRoot = "";
			targets = (
				3BAE418429343C8C000B20BD /* Minance */,
			);
		};
/* End PBXProject section */

/* Begin PBXResourcesBuildPhase section */
		3BAE418329343C8C000B20BD /* Resources */ = {
			isa = PBXResourcesBuildPhase;
			buildActionMask = 2147483647;
			files = (
				3BAE419829343C8D000B20BD /* LaunchScreen.storyboard in Resources */,
				3BAE419529343C8D000B20BD /* Assets.xcassets in Resources */,
			);
			runOnlyForDeploymentPostprocessing = 0;
		};
/* End PBXResourcesBuildPhase section */

/* Begin PBXSourcesBuildPhase section */
		3BAE418129343C8C000B20BD /* Sources */ = {
			isa = PBXSourcesBuildPhase;
			buildActionMask = 2147483647;
			files = (
				3BBF4120293504FA0053FDDA /* SavedRouter.swift in Sources */,
				3BAE418929343C8C000B20BD /* AppDelegate.swift in Sources */,
				3BBF4130293635030053FDDA /* ExchangeUITableViewCell.swift in Sources */,
				3B481330293BEBF100836D50 /* SavedList+CoreDataProperties.swift in Sources */,
				3BBF41242935050F0053FDDA /* SavedEntity.swift in Sources */,
				3BBF412A2936216E0053FDDA /* ExchangeEntity.swift in Sources */,
				3BBF4122293505040053FDDA /* SavedInteractor.swift in Sources */,
				3BBF412E293623BF0053FDDA /* DataModel.swift in Sources */,
				3BAE418B29343C8C000B20BD /* SceneDelegate.swift in Sources */,
				3BAE41A9293445C9000B20BD /* HomeEntity.swift in Sources */,
				3BBF41262935051E0053FDDA /* SavedPresenter.swift in Sources */,
				3B48132F293BEBF100836D50 /* SavedList+CoreDataClass.swift in Sources */,
				3BAE419329343C8C000B20BD /* Minance.xcdatamodeld in Sources */,
				3BAE41A7293445BF000B20BD /* HomeInteractor.swift in Sources */,
				3BAE41C12934ECE9000B20BD /* ExchangeInteractor.swift in Sources */,
				3BAE41A329344583000B20BD /* HomeViewController.swift in Sources */,
				3BAE41A5293445B3000B20BD /* HomeRouter.swift in Sources */,
				3BAE41C32934ECF3000B20BD /* ExchangeRouter.swift in Sources */,
				3BBF412C293621800053FDDA /* FetchingData.swift in Sources */,
				3BAE41BF2934ECDF000B20BD /* ExchangePresenter.swift in Sources */,
				3BAE41B129344865000B20BD /* SavedViewController.swift in Sources */,
				3BAE41AB293445D1000B20BD /* HomePresenter.swift in Sources */,
				3BFDC2B129395B60004AB276 /* MarketSecondView.swift in Sources */,
				3BAE41BB2934DF7A000B20BD /* ExchangeViewController.swift in Sources */,
			);
			runOnlyForDeploymentPostprocessing = 0;
		};
/* End PBXSourcesBuildPhase section */

/* Begin PBXVariantGroup section */
		3BAE419629343C8D000B20BD /* LaunchScreen.storyboard */ = {
			isa = PBXVariantGroup;
			children = (
				3BAE419729343C8D000B20BD /* Base */,
			);
			name = LaunchScreen.storyboard;
			sourceTree = "<group>";
		};
/* End PBXVariantGroup section */

/* Begin XCBuildConfiguration section */
		3BAE419A29343C8D000B20BD /* Debug */ = {
			isa = XCBuildConfiguration;
			buildSettings = {
				ALWAYS_SEARCH_USER_PATHS = NO;
				CLANG_ANALYZER_NONNULL = YES;
				CLANG_ANALYZER_NUMBER_OBJECT_CONVERSION = YES_AGGRESSIVE;
				CLANG_CXX_LANGUAGE_STANDARD = "gnu++20";
				CLANG_ENABLE_MODULES = YES;
				CLANG_ENABLE_OBJC_ARC = YES;
				CLANG_ENABLE_OBJC_WEAK = YES;
				CLANG_WARN_BLOCK_CAPTURE_AUTORELEASING = YES;
				CLANG_WARN_BOOL_CONVERSION = YES;
				CLANG_WARN_COMMA = YES;
				CLANG_WARN_CONSTANT_CONVERSION = YES;
				CLANG_WARN_DEPRECATED_OBJC_IMPLEMENTATIONS = YES;
				CLANG_WARN_DIRECT_OBJC_ISA_USAGE = YES_ERROR;
				CLANG_WARN_DOCUMENTATION_COMMENTS = YES;
				CLANG_WARN_EMPTY_BODY = YES;
				CLANG_WARN_ENUM_CONVERSION = YES;
				CLANG_WARN_INFINITE_RECURSION = YES;
				CLANG_WARN_INT_CONVERSION = YES;
				CLANG_WARN_NON_LITERAL_NULL_CONVERSION = YES;
				CLANG_WARN_OBJC_IMPLICIT_RETAIN_SELF = YES;
				CLANG_WARN_OBJC_LITERAL_CONVERSION = YES;
				CLANG_WARN_OBJC_ROOT_CLASS = YES_ERROR;
				CLANG_WARN_QUOTED_INCLUDE_IN_FRAMEWORK_HEADER = YES;
				CLANG_WARN_RANGE_LOOP_ANALYSIS = YES;
				CLANG_WARN_STRICT_PROTOTYPES = YES;
				CLANG_WARN_SUSPICIOUS_MOVE = YES;
				CLANG_WARN_UNGUARDED_AVAILABILITY = YES_AGGRESSIVE;
				CLANG_WARN_UNREACHABLE_CODE = YES;
				CLANG_WARN__DUPLICATE_METHOD_MATCH = YES;
				COPY_PHASE_STRIP = NO;
				DEBUG_INFORMATION_FORMAT = dwarf;
				ENABLE_STRICT_OBJC_MSGSEND = YES;
				ENABLE_TESTABILITY = YES;
				GCC_C_LANGUAGE_STANDARD = gnu11;
				GCC_DYNAMIC_NO_PIC = NO;
				GCC_NO_COMMON_BLOCKS = YES;
				GCC_OPTIMIZATION_LEVEL = 0;
				GCC_PREPROCESSOR_DEFINITIONS = (
					"DEBUG=1",
					"$(inherited)",
				);
				GCC_WARN_64_TO_32_BIT_CONVERSION = YES;
				GCC_WARN_ABOUT_RETURN_TYPE = YES_ERROR;
				GCC_WARN_UNDECLARED_SELECTOR = YES;
				GCC_WARN_UNINITIALIZED_AUTOS = YES_AGGRESSIVE;
				GCC_WARN_UNUSED_FUNCTION = YES;
				GCC_WARN_UNUSED_VARIABLE = YES;
				IPHONEOS_DEPLOYMENT_TARGET = 16.1;
				MTL_ENABLE_DEBUG_INFO = INCLUDE_SOURCE;
				MTL_FAST_MATH = YES;
				ONLY_ACTIVE_ARCH = YES;
				SDKROOT = iphoneos;
				SWIFT_ACTIVE_COMPILATION_CONDITIONS = DEBUG;
				SWIFT_OPTIMIZATION_LEVEL = "-Onone";
			};
			name = Debug;
		};
		3BAE419B29343C8D000B20BD /* Release */ = {
			isa = XCBuildConfiguration;
			buildSettings = {
				ALWAYS_SEARCH_USER_PATHS = NO;
				CLANG_ANALYZER_NONNULL = YES;
				CLANG_ANALYZER_NUMBER_OBJECT_CONVERSION = YES_AGGRESSIVE;
				CLANG_CXX_LANGUAGE_STANDARD = "gnu++20";
				CLANG_ENABLE_MODULES = YES;
				CLANG_ENABLE_OBJC_ARC = YES;
				CLANG_ENABLE_OBJC_WEAK = YES;
				CLANG_WARN_BLOCK_CAPTURE_AUTORELEASING = YES;
				CLANG_WARN_BOOL_CONVERSION = YES;
				CLANG_WARN_COMMA = YES;
				CLANG_WARN_CONSTANT_CONVERSION = YES;
				CLANG_WARN_DEPRECATED_OBJC_IMPLEMENTATIONS = YES;
				CLANG_WARN_DIRECT_OBJC_ISA_USAGE = YES_ERROR;
				CLANG_WARN_DOCUMENTATION_COMMENTS = YES;
				CLANG_WARN_EMPTY_BODY = YES;
				CLANG_WARN_ENUM_CONVERSION = YES;
				CLANG_WARN_INFINITE_RECURSION = YES;
				CLANG_WARN_INT_CONVERSION = YES;
				CLANG_WARN_NON_LITERAL_NULL_CONVERSION = YES;
				CLANG_WARN_OBJC_IMPLICIT_RETAIN_SELF = YES;
				CLANG_WARN_OBJC_LITERAL_CONVERSION = YES;
				CLANG_WARN_OBJC_ROOT_CLASS = YES_ERROR;
				CLANG_WARN_QUOTED_INCLUDE_IN_FRAMEWORK_HEADER = YES;
				CLANG_WARN_RANGE_LOOP_ANALYSIS = YES;
				CLANG_WARN_STRICT_PROTOTYPES = YES;
				CLANG_WARN_SUSPICIOUS_MOVE = YES;
				CLANG_WARN_UNGUARDED_AVAILABILITY = YES_AGGRESSIVE;
				CLANG_WARN_UNREACHABLE_CODE = YES;
				CLANG_WARN__DUPLICATE_METHOD_MATCH = YES;
				COPY_PHASE_STRIP = NO;
				DEBUG_INFORMATION_FORMAT = "dwarf-with-dsym";
				ENABLE_NS_ASSERTIONS = NO;
				ENABLE_STRICT_OBJC_MSGSEND = YES;
				GCC_C_LANGUAGE_STANDARD = gnu11;
				GCC_NO_COMMON_BLOCKS = YES;
				GCC_WARN_64_TO_32_BIT_CONVERSION = YES;
				GCC_WARN_ABOUT_RETURN_TYPE = YES_ERROR;
				GCC_WARN_UNDECLARED_SELECTOR = YES;
				GCC_WARN_UNINITIALIZED_AUTOS = YES_AGGRESSIVE;
				GCC_WARN_UNUSED_FUNCTION = YES;
				GCC_WARN_UNUSED_VARIABLE = YES;
				IPHONEOS_DEPLOYMENT_TARGET = 16.1;
				MTL_ENABLE_DEBUG_INFO = NO;
				MTL_FAST_MATH = YES;
				SDKROOT = iphoneos;
				SWIFT_COMPILATION_MODE = wholemodule;
				SWIFT_OPTIMIZATION_LEVEL = "-O";
				VALIDATE_PRODUCT = YES;
			};
			name = Release;
		};
		3BAE419D29343C8D000B20BD /* Debug */ = {
			isa = XCBuildConfiguration;
			buildSettings = {
				ASSETCATALOG_COMPILER_APPICON_NAME = AppIcon;
				ASSETCATALOG_COMPILER_GLOBAL_ACCENT_COLOR_NAME = AccentColor;
				CODE_SIGN_STYLE = Automatic;
				CURRENT_PROJECT_VERSION = 1;
				DEVELOPMENT_TEAM = JX5SWB7X9Y;
				GENERATE_INFOPLIST_FILE = YES;
				INFOPLIST_FILE = Minance/Helpers/Info.plist;
				INFOPLIST_KEY_UIApplicationSupportsIndirectInputEvents = YES;
				INFOPLIST_KEY_UILaunchStoryboardName = LaunchScreen;
				INFOPLIST_KEY_UISupportedInterfaceOrientations = UIInterfaceOrientationPortrait;
				INFOPLIST_KEY_UISupportedInterfaceOrientations_iPad = "UIInterfaceOrientationLandscapeLeft UIInterfaceOrientationLandscapeRight UIInterfaceOrientationPortrait UIInterfaceOrientationPortraitUpsideDown";
				IPHONEOS_DEPLOYMENT_TARGET = 13.0;
				LD_RUNPATH_SEARCH_PATHS = (
					"$(inherited)",
					"@executable_path/Frameworks",
				);
				MARKETING_VERSION = 1.0;
				PRODUCT_BUNDLE_IDENTIFIER = soyombo.Minance;
				PRODUCT_NAME = "$(TARGET_NAME)";
				SUPPORTED_PLATFORMS = "iphoneos iphonesimulator";
				SUPPORTS_MACCATALYST = NO;
				SUPPORTS_MAC_DESIGNED_FOR_IPHONE_IPAD = NO;
				SWIFT_EMIT_LOC_STRINGS = YES;
				SWIFT_VERSION = 5.0;
				TARGETED_DEVICE_FAMILY = 1;
			};
			name = Debug;
		};
		3BAE419E29343C8D000B20BD /* Release */ = {
			isa = XCBuildConfiguration;
			buildSettings = {
				ASSETCATALOG_COMPILER_APPICON_NAME = AppIcon;
				ASSETCATALOG_COMPILER_GLOBAL_ACCENT_COLOR_NAME = AccentColor;
				CODE_SIGN_STYLE = Automatic;
				CURRENT_PROJECT_VERSION = 1;
				DEVELOPMENT_TEAM = JX5SWB7X9Y;
				GENERATE_INFOPLIST_FILE = YES;
				INFOPLIST_FILE = Minance/Helpers/Info.plist;
				INFOPLIST_KEY_UIApplicationSupportsIndirectInputEvents = YES;
				INFOPLIST_KEY_UILaunchStoryboardName = LaunchScreen;
				INFOPLIST_KEY_UISupportedInterfaceOrientations = UIInterfaceOrientationPortrait;
				INFOPLIST_KEY_UISupportedInterfaceOrientations_iPad = "UIInterfaceOrientationLandscapeLeft UIInterfaceOrientationLandscapeRight UIInterfaceOrientationPortrait UIInterfaceOrientationPortraitUpsideDown";
				IPHONEOS_DEPLOYMENT_TARGET = 13.0;
				LD_RUNPATH_SEARCH_PATHS = (
					"$(inherited)",
					"@executable_path/Frameworks",
				);
				MARKETING_VERSION = 1.0;
				PRODUCT_BUNDLE_IDENTIFIER = soyombo.Minance;
				PRODUCT_NAME = "$(TARGET_NAME)";
				SUPPORTED_PLATFORMS = "iphoneos iphonesimulator";
				SUPPORTS_MACCATALYST = NO;
				SUPPORTS_MAC_DESIGNED_FOR_IPHONE_IPAD = NO;
				SWIFT_EMIT_LOC_STRINGS = YES;
				SWIFT_VERSION = 5.0;
				TARGETED_DEVICE_FAMILY = 1;
			};
			name = Release;
		};
/* End XCBuildConfiguration section */

/* Begin XCConfigurationList section */
		3BAE418029343C8C000B20BD /* Build configuration list for PBXProject "Minance" */ = {
			isa = XCConfigurationList;
			buildConfigurations = (
				3BAE419A29343C8D000B20BD /* Debug */,
				3BAE419B29343C8D000B20BD /* Release */,
			);
			defaultConfigurationIsVisible = 0;
			defaultConfigurationName = Release;
		};
		3BAE419C29343C8D000B20BD /* Build configuration list for PBXNativeTarget "Minance" */ = {
			isa = XCConfigurationList;
			buildConfigurations = (
				3BAE419D29343C8D000B20BD /* Debug */,
				3BAE419E29343C8D000B20BD /* Release */,
			);
			defaultConfigurationIsVisible = 0;
			defaultConfigurationName = Release;
		};
/* End XCConfigurationList section */

/* Begin XCRemoteSwiftPackageReference section */
		3B20ADC529380B87007E1F40 /* XCRemoteSwiftPackageReference "Kingfisher" */ = {
			isa = XCRemoteSwiftPackageReference;
			repositoryURL = "https://github.com/onevcat/Kingfisher";
			requirement = {
				kind = upToNextMajorVersion;
				minimumVersion = 7.0.0;
			};
		};
		3BAE41B2293448A2000B20BD /* XCRemoteSwiftPackageReference "SnapKit" */ = {
			isa = XCRemoteSwiftPackageReference;
			repositoryURL = "https://github.com/SnapKit/SnapKit";
			requirement = {
				branch = develop;
				kind = branch;
			};
		};
		3BAE41B5293448B1000B20BD /* XCRemoteSwiftPackageReference "Alamofire" */ = {
			isa = XCRemoteSwiftPackageReference;
			repositoryURL = "https://github.com/Alamofire/Alamofire";
			requirement = {
				branch = master;
				kind = branch;
			};
		};
/* End XCRemoteSwiftPackageReference section */

/* Begin XCSwiftPackageProductDependency section */
		3BAE41B3293448A2000B20BD /* SnapKit */ = {
			isa = XCSwiftPackageProductDependency;
			package = 3BAE41B2293448A2000B20BD /* XCRemoteSwiftPackageReference "SnapKit" */;
			productName = SnapKit;
		};
/* End XCSwiftPackageProductDependency section */

/* Begin XCVersionGroup section */
		3BAE419129343C8C000B20BD /* Minance.xcdatamodeld */ = {
			isa = XCVersionGroup;
			children = (
				3BAE419229343C8C000B20BD /* Minance.xcdatamodel */,
			);
			currentVersion = 3BAE419229343C8C000B20BD /* Minance.xcdatamodel */;
			path = Minance.xcdatamodeld;
			sourceTree = "<group>";
			versionGroupType = wrapper.xcdatamodel;
		};
/* End XCVersionGroup section */
	};
	rootObject = 3BAE417D29343C8C000B20BD /* Project object */;
}
